// !$*UTF8*$!
{
	archiveVersion = 1;
	classes = {
	};
	objectVersion = 46;
	objects = {

/* Begin PBXBuildFile section */
		A9C96045197534CE001676AA /* Foundation.framework in Frameworks */ = {isa = PBXBuildFile; fileRef = A9C96044197534CE001676AA /* Foundation.framework */; };
		A9C96047197534CE001676AA /* CoreGraphics.framework in Frameworks */ = {isa = PBXBuildFile; fileRef = A9C96046197534CE001676AA /* CoreGraphics.framework */; };
		A9C96049197534CE001676AA /* UIKit.framework in Frameworks */ = {isa = PBXBuildFile; fileRef = A9C96048197534CE001676AA /* UIKit.framework */; };
		A9C9604F197534CE001676AA /* InfoPlist.strings in Resources */ = {isa = PBXBuildFile; fileRef = A9C9604D197534CE001676AA /* InfoPlist.strings */; };
		A9C96051197534CE001676AA /* main.m in Sources */ = {isa = PBXBuildFile; fileRef = A9C96050197534CE001676AA /* main.m */; };
		A9C96055197534CE001676AA /* AppDelegate.m in Sources */ = {isa = PBXBuildFile; fileRef = A9C96054197534CE001676AA /* AppDelegate.m */; };
		A9C96058197534CE001676AA /* Main.storyboard in Resources */ = {isa = PBXBuildFile; fileRef = A9C96056197534CE001676AA /* Main.storyboard */; };
		A9C9605B197534CE001676AA /* ViewController.m in Sources */ = {isa = PBXBuildFile; fileRef = A9C9605A197534CE001676AA /* ViewController.m */; };
		A9C9605D197534CE001676AA /* Images.xcassets in Resources */ = {isa = PBXBuildFile; fileRef = A9C9605C197534CE001676AA /* Images.xcassets */; };
		A9C96064197534CE001676AA /* XCTest.framework in Frameworks */ = {isa = PBXBuildFile; fileRef = A9C96063197534CE001676AA /* XCTest.framework */; };
		A9C96065197534CE001676AA /* Foundation.framework in Frameworks */ = {isa = PBXBuildFile; fileRef = A9C96044197534CE001676AA /* Foundation.framework */; };
		A9C96066197534CE001676AA /* UIKit.framework in Frameworks */ = {isa = PBXBuildFile; fileRef = A9C96048197534CE001676AA /* UIKit.framework */; };
		A9C9606E197534CE001676AA /* InfoPlist.strings in Resources */ = {isa = PBXBuildFile; fileRef = A9C9606C197534CE001676AA /* InfoPlist.strings */; };
		A9C96070197534CE001676AA /* DemoGITTests.m in Sources */ = {isa = PBXBuildFile; fileRef = A9C9606F197534CE001676AA /* DemoGITTests.m */; };
/* End PBXBuildFile section */

/* Begin PBXContainerItemProxy section */
		A9C96067197534CE001676AA /* PBXContainerItemProxy */ = {
			isa = PBXContainerItemProxy;
			containerPortal = A9C96039197534CE001676AA /* Project object */;
			proxyType = 1;
			remoteGlobalIDString = A9C96040197534CE001676AA;
			remoteInfo = DemoGIT;
		};
/* End PBXContainerItemProxy section */

/* Begin PBXFileReference section */
		A9C96041197534CE001676AA /* DemoGIT.app */ = {isa = PBXFileReference; explicitFileType = wrapper.application; includeInIndex = 0; path = DemoGIT.app; sourceTree = BUILT_PRODUCTS_DIR; };
		A9C96044197534CE001676AA /* Foundation.framework */ = {isa = PBXFileReference; lastKnownFileType = wrapper.framework; name = Foundation.framework; path = System/Library/Frameworks/Foundation.framework; sourceTree = SDKROOT; };
		A9C96046197534CE001676AA /* CoreGraphics.framework */ = {isa = PBXFileReference; lastKnownFileType = wrapper.framework; name = CoreGraphics.framework; path = System/Library/Frameworks/CoreGraphics.framework; sourceTree = SDKROOT; };
		A9C96048197534CE001676AA /* UIKit.framework */ = {isa = PBXFileReference; lastKnownFileType = wrapper.framework; name = UIKit.framework; path = System/Library/Frameworks/UIKit.framework; sourceTree = SDKROOT; };
		A9C9604C197534CE001676AA /* DemoGIT-Info.plist */ = {isa = PBXFileReference; lastKnownFileType = text.plist.xml; path = "DemoGIT-Info.plist"; sourceTree = "<group>"; };
		A9C9604E197534CE001676AA /* en */ = {isa = PBXFileReference; lastKnownFileType = text.plist.strings; name = en; path = en.lproj/InfoPlist.strings; sourceTree = "<group>"; };
		A9C96050197534CE001676AA /* main.m */ = {isa = PBXFileReference; lastKnownFileType = sourcecode.c.objc; path = main.m; sourceTree = "<group>"; };
		A9C96052197534CE001676AA /* DemoGIT-Prefix.pch */ = {isa = PBXFileReference; lastKnownFileType = sourcecode.c.h; path = "DemoGIT-Prefix.pch"; sourceTree = "<group>"; };
		A9C96053197534CE001676AA /* AppDelegate.h */ = {isa = PBXFileReference; lastKnownFileType = sourcecode.c.h; path = AppDelegate.h; sourceTree = "<group>"; };
		A9C96054197534CE001676AA /* AppDelegate.m */ = {isa = PBXFileReference; lastKnownFileType = sourcecode.c.objc; path = AppDelegate.m; sourceTree = "<group>"; };
		A9C96057197534CE001676AA /* Base */ = {isa = PBXFileReference; lastKnownFileType = file.storyboard; name = Base; path = Base.lproj/Main.storyboard; sourceTree = "<group>"; };
		A9C96059197534CE001676AA /* ViewController.h */ = {isa = PBXFileReference; lastKnownFileType = sourcecode.c.h; path = ViewController.h; sourceTree = "<group>"; };
		A9C9605A197534CE001676AA /* ViewController.m */ = {isa = PBXFileReference; lastKnownFileType = sourcecode.c.objc; path = ViewController.m; sourceTree = "<group>"; };
		A9C9605C197534CE001676AA /* Images.xcassets */ = {isa = PBXFileReference; lastKnownFileType = folder.assetcatalog; path = Images.xcassets; sourceTree = "<group>"; };
		A9C96062197534CE001676AA /* DemoGITTests.xctest */ = {isa = PBXFileReference; explicitFileType = wrapper.cfbundle; includeInIndex = 0; path = DemoGITTests.xctest; sourceTree = BUILT_PRODUCTS_DIR; };
		A9C96063197534CE001676AA /* XCTest.framework */ = {isa = PBXFileReference; lastKnownFileType = wrapper.framework; name = XCTest.framework; path = Library/Frameworks/XCTest.framework; sourceTree = DEVELOPER_DIR; };
		A9C9606B197534CE001676AA /* DemoGITTests-Info.plist */ = {isa = PBXFileReference; lastKnownFileType = text.plist.xml; path = "DemoGITTests-Info.plist"; sourceTree = "<group>"; };
		A9C9606D197534CE001676AA /* en */ = {isa = PBXFileReference; lastKnownFileType = text.plist.strings; name = en; path = en.lproj/InfoPlist.strings; sourceTree = "<group>"; };
		A9C9606F197534CE001676AA /* DemoGITTests.m */ = {isa = PBXFileReference; lastKnownFileType = sourcecode.c.objc; path = DemoGITTests.m; sourceTree = "<group>"; };
/* End PBXFileReference section */

/* Begin PBXFrameworksBuildPhase section */
		A9C9603E197534CE001676AA /* Frameworks */ = {
			isa = PBXFrameworksBuildPhase;
			buildActionMask = 2147483647;
			files = (
				A9C96047197534CE001676AA /* CoreGraphics.framework in Frameworks */,
				A9C96049197534CE001676AA /* UIKit.framework in Frameworks */,
				A9C96045197534CE001676AA /* Foundation.framework in Frameworks */,
			);
			runOnlyForDeploymentPostprocessing = 0;
		};
		A9C9605F197534CE001676AA /* Frameworks */ = {
			isa = PBXFrameworksBuildPhase;
			buildActionMask = 2147483647;
			files = (
				A9C96064197534CE001676AA /* XCTest.framework in Frameworks */,
				A9C96066197534CE001676AA /* UIKit.framework in Frameworks */,
				A9C96065197534CE001676AA /* Foundation.framework in Frameworks */,
			);
			runOnlyForDeploymentPostprocessing = 0;
		};
/* End PBXFrameworksBuildPhase section */

/* Begin PBXGroup section */
		A9C96038197534CE001676AA = {
			isa = PBXGroup;
			children = (
				A9C9604A197534CE001676AA /* DemoGIT */,
				A9C96069197534CE001676AA /* DemoGITTests */,
				A9C96043197534CE001676AA /* Frameworks */,
				A9C96042197534CE001676AA /* Products */,
			);
			sourceTree = "<group>";
		};
		A9C96042197534CE001676AA /* Products */ = {
			isa = PBXGroup;
			children = (
				A9C96041197534CE001676AA /* DemoGIT.app */,
				A9C96062197534CE001676AA /* DemoGITTests.xctest */,
			);
			name = Products;
			sourceTree = "<group>";
		};
		A9C96043197534CE001676AA /* Frameworks */ = {
			isa = PBXGroup;
			children = (
				A9C96044197534CE001676AA /* Foundation.framework */,
				A9C96046197534CE001676AA /* CoreGraphics.framework */,
				A9C96048197534CE001676AA /* UIKit.framework */,
				A9C96063197534CE001676AA /* XCTest.framework */,
			);
			name = Frameworks;
			sourceTree = "<group>";
		};
		A9C9604A197534CE001676AA /* DemoGIT */ = {
			isa = PBXGroup;
			children = (
				A9C96053197534CE001676AA /* AppDelegate.h */,
				A9C96054197534CE001676AA /* AppDelegate.m */,
				A9C96056197534CE001676AA /* Main.storyboard */,
				A9C96059197534CE001676AA /* ViewController.h */,
				A9C9605A197534CE001676AA /* ViewController.m */,
				A9C9605C197534CE001676AA /* Images.xcassets */,
				A9C9604B197534CE001676AA /* Supporting Files */,
			);
			path = DemoGIT;
			sourceTree = "<group>";
		};
		A9C9604B197534CE001676AA /* Supporting Files */ = {
			isa = PBXGroup;
			children = (
				A9C9604C197534CE001676AA /* DemoGIT-Info.plist */,
				A9C9604D197534CE001676AA /* InfoPlist.strings */,
				A9C96050197534CE001676AA /* main.m */,
				A9C96052197534CE001676AA /* DemoGIT-Prefix.pch */,
			);
			name = "Supporting Files";
			sourceTree = "<group>";
		};
		A9C96069197534CE001676AA /* DemoGITTests */ = {
			isa = PBXGroup;
			children = (
				A9C9606F197534CE001676AA /* DemoGITTests.m */,
				A9C9606A197534CE001676AA /* Supporting Files */,
			);
			path = DemoGITTests;
			sourceTree = "<group>";
		};
		A9C9606A197534CE001676AA /* Supporting Files */ = {
			isa = PBXGroup;
			children = (
				A9C9606B197534CE001676AA /* DemoGITTests-Info.plist */,
				A9C9606C197534CE001676AA /* InfoPlist.strings */,
			);
			name = "Supporting Files";
			sourceTree = "<group>";
		};
/* End PBXGroup section */

/* Begin PBXNativeTarget section */
		A9C96040197534CE001676AA /* DemoGIT */ = {
			isa = PBXNativeTarget;
			buildConfigurationList = A9C96073197534CE001676AA /* Build configuration list for PBXNativeTarget "DemoGIT" */;
			buildPhases = (
				A9C9603D197534CE001676AA /* Sources */,
				A9C9603E197534CE001676AA /* Frameworks */,
				A9C9603F197534CE001676AA /* Resources */,
			);
			buildRules = (
			);
			dependencies = (
			);
			name = DemoGIT;
			productName = DemoGIT;
			productReference = A9C96041197534CE001676AA /* DemoGIT.app */;
			productType = "com.apple.product-type.application";
		};
		A9C96061197534CE001676AA /* DemoGITTests */ = {
			isa = PBXNativeTarget;
			buildConfigurationList = A9C96076197534CE001676AA /* Build configuration list for PBXNativeTarget "DemoGITTests" */;
			buildPhases = (
				A9C9605E197534CE001676AA /* Sources */,
				A9C9605F197534CE001676AA /* Frameworks */,
				A9C96060197534CE001676AA /* Resources */,
			);
			buildRules = (
			);
			dependencies = (
				A9C96068197534CE001676AA /* PBXTargetDependency */,
			);
			name = DemoGITTests;
			productName = DemoGITTests;
			productReference = A9C96062197534CE001676AA /* DemoGITTests.xctest */;
			productType = "com.apple.product-type.bundle.unit-test";
		};
/* End PBXNativeTarget section */

/* Begin PBXProject section */
		A9C96039197534CE001676AA /* Project object */ = {
			isa = PBXProject;
			attributes = {
				LastUpgradeCheck = 0510;
				ORGANIZATIONNAME = Indianic;
				TargetAttributes = {
					A9C96061197534CE001676AA = {
						TestTargetID = A9C96040197534CE001676AA;
					};
				};
			};
			buildConfigurationList = A9C9603C197534CE001676AA /* Build configuration list for PBXProject "DemoGIT" */;
			compatibilityVersion = "Xcode 3.2";
			developmentRegion = English;
			hasScannedForEncodings = 0;
			knownRegions = (
				en,
				Base,
			);
			mainGroup = A9C96038197534CE001676AA;
			productRefGroup = A9C96042197534CE001676AA /* Products */;
			projectDirPath = "";
			projectRoot = "";
			targets = (
				A9C96040197534CE001676AA /* DemoGIT */,
				A9C96061197534CE001676AA /* DemoGITTests */,
			);
		};
/* End PBXProject section */

/* Begin PBXResourcesBuildPhase section */
		A9C9603F197534CE001676AA /* Resources */ = {
			isa = PBXResourcesBuildPhase;
			buildActionMask = 2147483647;
			files = (
				A9C9605D197534CE001676AA /* Images.xcassets in Resources */,
				A9C9604F197534CE001676AA /* InfoPlist.strings in Resources */,
				A9C96058197534CE001676AA /* Main.storyboard in Resources */,
			);
			runOnlyForDeploymentPostprocessing = 0;
		};
		A9C96060197534CE001676AA /* Resources */ = {
			isa = PBXResourcesBuildPhase;
			buildActionMask = 2147483647;
			files = (
				A9C9606E197534CE001676AA /* InfoPlist.strings in Resources */,
			);
			runOnlyForDeploymentPostprocessing = 0;
		};
/* End PBXResourcesBuildPhase section */

/* Begin PBXSourcesBuildPhase section */
		A9C9603D197534CE001676AA /* Sources */ = {
			isa = PBXSourcesBuildPhase;
			buildActionMask = 2147483647;
			files = (
				A9C9605B197534CE001676AA /* ViewController.m in Sources */,
				A9C96055197534CE001676AA /* AppDelegate.m in Sources */,
				A9C96051197534CE001676AA /* main.m in Sources */,
			);
			runOnlyForDeploymentPostprocessing = 0;
		};
		A9C9605E197534CE001676AA /* Sources */ = {
			isa = PBXSourcesBuildPhase;
			buildActionMask = 2147483647;
			files = (
				A9C96070197534CE001676AA /* DemoGITTests.m in Sources */,
			);
			runOnlyForDeploymentPostprocessing = 0;
		};
/* End PBXSourcesBuildPhase section */

/* Begin PBXTargetDependency section */
		A9C96068197534CE001676AA /* PBXTargetDependency */ = {
			isa = PBXTargetDependency;
			target = A9C96040197534CE001676AA /* DemoGIT */;
			targetProxy = A9C96067197534CE001676AA /* PBXContainerItemProxy */;
		};
/* End PBXTargetDependency section */

/* Begin PBXVariantGroup section */
		A9C9604D197534CE001676AA /* InfoPlist.strings */ = {
			isa = PBXVariantGroup;
			children = (
				A9C9604E197534CE001676AA /* en */,
			);
			name = InfoPlist.strings;
			sourceTree = "<group>";
		};
		A9C96056197534CE001676AA /* Main.storyboard */ = {
			isa = PBXVariantGroup;
			children = (
				A9C96057197534CE001676AA /* Base */,
			);
			name = Main.storyboard;
			sourceTree = "<group>";
		};
		A9C9606C197534CE001676AA /* InfoPlist.strings */ = {
			isa = PBXVariantGroup;
			children = (
				A9C9606D197534CE001676AA /* en */,
			);
			name = InfoPlist.strings;
			sourceTree = "<group>";
		};
/* End PBXVariantGroup section */

/* Begin XCBuildConfiguration section */
		A9C96071197534CE001676AA /* Debug */ = {
			isa = XCBuildConfiguration;
			buildSettings = {
				ALWAYS_SEARCH_USER_PATHS = NO;
				CLANG_CXX_LANGUAGE_STANDARD = "gnu++0x";
				CLANG_CXX_LIBRARY = "libc++";
				CLANG_ENABLE_MODULES = YES;
				CLANG_ENABLE_OBJC_ARC = YES;
				CLANG_WARN_BOOL_CONVERSION = YES;
				CLANG_WARN_CONSTANT_CONVERSION = YES;
				CLANG_WARN_DIRECT_OBJC_ISA_USAGE = YES_ERROR;
				CLANG_WARN_EMPTY_BODY = YES;
				CLANG_WARN_ENUM_CONVERSION = YES;
				CLANG_WARN_INT_CONVERSION = YES;
				CLANG_WARN_OBJC_ROOT_CLASS = YES_ERROR;
				CLANG_WARN__DUPLICATE_METHOD_MATCH = YES;
				"CODE_SIGN_IDENTITY[sdk=iphoneos*]" = "iPhone Developer";
				COPY_PHASE_STRIP = NO;
				GCC_C_LANGUAGE_STANDARD = gnu99;
				GCC_DYNAMIC_NO_PIC = NO;
				GCC_OPTIMIZATION_LEVEL = 0;
				GCC_PREPROCESSOR_DEFINITIONS = (
					"DEBUG=1",
					"$(inherited)",
				);
				GCC_SYMBOLS_PRIVATE_EXTERN = NO;
				GCC_WARN_64_TO_32_BIT_CONVERSION = YES;
				GCC_WARN_ABOUT_RETURN_TYPE = YES_ERROR;
				GCC_WARN_UNDECLARED_SELECTOR = YES;
				GCC_WARN_UNINITIALIZED_AUTOS = YES_AGGRESSIVE;
				GCC_WARN_UNUSED_FUNCTION = YES;
				GCC_WARN_UNUSED_VARIABLE = YES;
				IPHONEOS_DEPLOYMENT_TARGET = 7.1;
				ONLY_ACTIVE_ARCH = YES;
				SDKROOT = iphoneos;
			};
			name = Debug;
		};
		A9C96072197534CE001676AA /* Release */ = {
			isa = XCBuildConfiguration;
			buildSettings = {
				ALWAYS_SEARCH_USER_PATHS = NO;
				CLANG_CXX_LANGUAGE_STANDARD = "gnu++0x";
				CLANG_CXX_LIBRARY = "libc++";
				CLANG_ENABLE_MODULES = YES;
				CLANG_ENABLE_OBJC_ARC = YES;
				CLANG_WARN_BOOL_CONVERSION = YES;
				CLANG_WARN_CONSTANT_CONVERSION = YES;
				CLANG_WARN_DIRECT_OBJC_ISA_USAGE = YES_ERROR;
				CLANG_WARN_EMPTY_BODY = YES;
				CLANG_WARN_ENUM_CONVERSION = YES;
				CLANG_WARN_INT_CONVERSION = YES;
				CLANG_WARN_OBJC_ROOT_CLASS = YES_ERROR;
				CLANG_WARN__DUPLICATE_METHOD_MATCH = YES;
				"CODE_SIGN_IDENTITY[sdk=iphoneos*]" = "iPhone Developer";
				COPY_PHASE_STRIP = YES;
				ENABLE_NS_ASSERTIONS = NO;
				GCC_C_LANGUAGE_STANDARD = gnu99;
				GCC_WARN_64_TO_32_BIT_CONVERSION = YES;
				GCC_WARN_ABOUT_RETURN_TYPE = YES_ERROR;
				GCC_WARN_UNDECLARED_SELECTOR = YES;
				GCC_WARN_UNINITIALIZED_AUTOS = YES_AGGRESSIVE;
				GCC_WARN_UNUSED_FUNCTION = YES;
				GCC_WARN_UNUSED_VARIABLE = YES;
				IPHONEOS_DEPLOYMENT_TARGET = 7.1;
				SDKROOT = iphoneos;
				VALIDATE_PRODUCT = YES;
			};
			name = Release;
		};
		A9C96074197534CE001676AA /* Debug */ = {
			isa = XCBuildConfiguration;
			buildSettings = {
				ASSETCATALOG_COMPILER_APPICON_NAME = AppIcon;
				ASSETCATALOG_COMPILER_LAUNCHIMAGE_NAME = LaunchImage;
				GCC_PRECOMPILE_PREFIX_HEADER = YES;
				GCC_PREFIX_HEADER = "DemoGIT/DemoGIT-Prefix.pch";
				INFOPLIST_FILE = "DemoGIT/DemoGIT-Info.plist";
				PRODUCT_NAME = "$(TARGET_NAME)";
				WRAPPER_EXTENSION = app;
			};
			name = Debug;
		};
		A9C96075197534CE001676AA /* Release */ = {
			isa = XCBuildConfiguration;
			buildSettings = {
				ASSETCATALOG_COMPILER_APPICON_NAME = AppIcon;
				ASSETCATALOG_COMPILER_LAUNCHIMAGE_NAME = LaunchImage;
				GCC_PRECOMPILE_PREFIX_HEADER = YES;
				GCC_PREFIX_HEADER = "DemoGIT/DemoGIT-Prefix.pch";
				INFOPLIST_FILE = "DemoGIT/DemoGIT-Info.plist";
				PRODUCT_NAME = "$(TARGET_NAME)";
				WRAPPER_EXTENSION = app;
			};
			name = Release;
		};
		A9C96077197534CE001676AA /* Debug */ = {
			isa = XCBuildConfiguration;
			buildSettings = {
				BUNDLE_LOADER = "$(BUILT_PRODUCTS_DIR)/DemoGIT.app/DemoGIT";
				FRAMEWORK_SEARCH_PATHS = (
					"$(SDKROOT)/Developer/Library/Frameworks",
					"$(inherited)",
					"$(DEVELOPER_FRAMEWORKS_DIR)",
				);
				GCC_PRECOMPILE_PREFIX_HEADER = YES;
				GCC_PREFIX_HEADER = "DemoGIT/DemoGIT-Prefix.pch";
				GCC_PREPROCESSOR_DEFINITIONS = (
					"DEBUG=1",
					"$(inherited)",
				);
				INFOPLIST_FILE = "DemoGITTests/DemoGITTests-Info.plist";
				PRODUCT_NAME = "$(TARGET_NAME)";
				TEST_HOST = "$(BUNDLE_LOADER)";
				WRAPPER_EXTENSION = xctest;
			};
			name = Debug;
		};
		A9C96078197534CE001676AA /* Release */ = {
			isa = XCBuildConfiguration;
			buildSettings = {
				BUNDLE_LOADER = "$(BUILT_PRODUCTS_DIR)/DemoGIT.app/DemoGIT";
				FRAMEWORK_SEARCH_PATHS = (
					"$(SDKROOT)/Developer/Library/Frameworks",
					"$(inherited)",
					"$(DEVELOPER_FRAMEWORKS_DIR)",
				);
				GCC_PRECOMPILE_PREFIX_HEADER = YES;
				GCC_PREFIX_HEADER = "DemoGIT/DemoGIT-Prefix.pch";
				INFOPLIST_FILE = "DemoGITTests/DemoGITTests-Info.plist";
				PRODUCT_NAME = "$(TARGET_NAME)";
				TEST_HOST = "$(BUNDLE_LOADER)";
				WRAPPER_EXTENSION = xctest;
			};
			name = Release;
		};
/* End XCBuildConfiguration section */

/* Begin XCConfigurationList section */
		A9C9603C197534CE001676AA /* Build configuration list for PBXProject "DemoGIT" */ = {
			isa = XCConfigurationList;
			buildConfigurations = (
				A9C96071197534CE001676AA /* Debug */,
				A9C96072197534CE001676AA /* Release */,
			);
			defaultConfigurationIsVisible = 0;
			defaultConfigurationName = Release;
		};
		A9C96073197534CE001676AA /* Build configuration list for PBXNativeTarget "DemoGIT" */ = {
			isa = XCConfigurationList;
			buildConfigurations = (
				A9C96074197534CE001676AA /* Debug */,
				A9C96075197534CE001676AA /* Release */,
			);
			defaultConfigurationIsVisible = 0;
		};
		A9C96076197534CE001676AA /* Build configuration list for PBXNativeTarget "DemoGITTests" */ = {
			isa = XCConfigurationList;
			buildConfigurations = (
				A9C96077197534CE001676AA /* Debug */,
				A9C96078197534CE001676AA /* Release */,
			);
			defaultConfigurationIsVisible = 0;
		};
/* End XCConfigurationList section */
	};
	rootObject = A9C96039197534CE001676AA /* Project object */;
}
